
Microsoft Visual Studio Solution File, Format Version 12.00
# Visual Studio Version 16
VisualStudioVersion = 16.0.30011.22
MinimumVisualStudioVersion = 10.0.40219.1
Project("{9A19103F-16F7-4668-BE54-9A1E7A4F7556}") = "KampIntro", "KampIntro\KampIntro.csproj", "{7824FD04-212D-47FE-97DB-5BD63A14DC19}"
EndProject
Project("{9A19103F-16F7-4668-BE54-9A1E7A4F7556}") = "donguler", "donguler\donguler.csproj", "{7C3C4D38-49EF-4E29-BA06-C7CCA30F2B3A}"
EndProject
Project("{9A19103F-16F7-4668-BE54-9A1E7A4F7556}") = "ClassIntro", "ClassIntro\ClassIntro.csproj", "{BC585DEC-F090-4055-BC5B-DE6CDA974D99}"
EndProject
Project("{FAE04EC0-301F-11D3-BF4B-00C04F79EFBC}") = "Metotlar", "Metotlar\Metotlar.csproj", "{F702E6CC-1282-49BC-A44D-671F5161C579}"
EndProject
Global
	GlobalSection(SolutionConfigurationPlatforms) = preSolution
		Debug|Any CPU = Debug|Any CPU
		Release|Any CPU = Release|Any CPU
	EndGlobalSection
	GlobalSection(ProjectConfigurationPlatforms) = postSolution
		{7824FD04-212D-47FE-97DB-5BD63A14DC19}.Debug|Any CPU.ActiveCfg = Debug|Any CPU
		{7824FD04-212D-47FE-97DB-5BD63A14DC19}.Debug|Any CPU.Build.0 = Debug|Any CPU
		{7824FD04-212D-47FE-97DB-5BD63A14DC19}.Release|Any CPU.ActiveCfg = Release|Any CPU
		{7824FD04-212D-47FE-97DB-5BD63A14DC19}.Release|Any CPU.Build.0 = Release|Any CPU
		{7C3C4D38-49EF-4E29-BA06-C7CCA30F2B3A}.Debug|Any CPU.ActiveCfg = Debug|Any CPU
		{7C3C4D38-49EF-4E29-BA06-C7CCA30F2B3A}.Debug|Any CPU.Build.0 = Debug|Any CPU
		{7C3C4D38-49EF-4E29-BA06-C7CCA30F2B3A}.Release|Any CPU.ActiveCfg = Release|Any CPU
		{7C3C4D38-49EF-4E29-BA06-C7CCA30F2B3A}.Release|Any CPU.Build.0 = Release|Any CPU
		{BC585DEC-F090-4055-BC5B-DE6CDA974D99}.Debug|Any CPU.ActiveCfg = Debug|Any CPU
		{BC585DEC-F090-4055-BC5B-DE6CDA974D99}.Debug|Any CPU.Build.0 = Debug|Any CPU
		{BC585DEC-F090-4055-BC5B-DE6CDA974D99}.Release|Any CPU.ActiveCfg = Release|Any CPU
		{BC585DEC-F090-4055-BC5B-DE6CDA974D99}.Release|Any CPU.Build.0 = Release|Any CPU
		{F702E6CC-1282-49BC-A44D-671F5161C579}.Debug|Any CPU.ActiveCfg = Debug|Any CPU
		{F702E6CC-1282-49BC-A44D-671F5161C579}.Debug|Any CPU.Build.0 = Debug|Any CPU
		{F702E6CC-1282-49BC-A44D-671F5161C579}.Release|Any CPU.ActiveCfg = Release|Any CPU
		{F702E6CC-1282-49BC-A44D-671F5161C579}.Release|Any CPU.Build.0 = Release|Any CPU
	EndGlobalSection
	GlobalSection(SolutionProperties) = preSolution
		HideSolutionNode = FALSE
	EndGlobalSection
	GlobalSection(ExtensibilityGlobals) = postSolution
		SolutionGuid = {26F920B5-10AE-44A6-AAB1-9CC201618B9D}
	EndGlobalSection
EndGlobal
